// !$*UTF8*$!
{
	archiveVersion = 1;
	classes = {
	};
	objectVersion = 46;
	objects = {

/* Begin PBXBuildFile section */
		1816B6391C06A47F00354DAB /* main.m in Sources */ = {isa = PBXBuildFile; fileRef = 1816B6381C06A47F00354DAB /* main.m */; };
		1816B63C1C06A47F00354DAB /* AppDelegate.m in Sources */ = {isa = PBXBuildFile; fileRef = 1816B63B1C06A47F00354DAB /* AppDelegate.m */; };
		1816B63F1C06A47F00354DAB /* MasterViewController.m in Sources */ = {isa = PBXBuildFile; fileRef = 1816B63E1C06A47F00354DAB /* MasterViewController.m */; };
		1816B6421C06A47F00354DAB /* DetailViewController.m in Sources */ = {isa = PBXBuildFile; fileRef = 1816B6411C06A47F00354DAB /* DetailViewController.m */; };
		1816B6451C06A47F00354DAB /* Main.storyboard in Resources */ = {isa = PBXBuildFile; fileRef = 1816B6431C06A47F00354DAB /* Main.storyboard */; };
		1816B6471C06A47F00354DAB /* Assets.xcassets in Resources */ = {isa = PBXBuildFile; fileRef = 1816B6461C06A47F00354DAB /* Assets.xcassets */; };
		1816B64A1C06A47F00354DAB /* LaunchScreen.storyboard in Resources */ = {isa = PBXBuildFile; fileRef = 1816B6481C06A47F00354DAB /* LaunchScreen.storyboard */; };
/* End PBXBuildFile section */

/* Begin PBXFileReference section */
		1816B6341C06A47F00354DAB /* RQPersonTools.app */ = {isa = PBXFileReference; explicitFileType = wrapper.application; includeInIndex = 0; path = RQPersonTools.app; sourceTree = BUILT_PRODUCTS_DIR; };
		1816B6381C06A47F00354DAB /* main.m */ = {isa = PBXFileReference; lastKnownFileType = sourcecode.c.objc; path = main.m; sourceTree = "<group>"; };
		1816B63A1C06A47F00354DAB /* AppDelegate.h */ = {isa = PBXFileReference; lastKnownFileType = sourcecode.c.h; path = AppDelegate.h; sourceTree = "<group>"; };
		1816B63B1C06A47F00354DAB /* AppDelegate.m */ = {isa = PBXFileReference; lastKnownFileType = sourcecode.c.objc; path = AppDelegate.m; sourceTree = "<group>"; };
		1816B63D1C06A47F00354DAB /* MasterViewController.h */ = {isa = PBXFileReference; lastKnownFileType = sourcecode.c.h; path = MasterViewController.h; sourceTree = "<group>"; };
		1816B63E1C06A47F00354DAB /* MasterViewController.m */ = {isa = PBXFileReference; lastKnownFileType = sourcecode.c.objc; path = MasterViewController.m; sourceTree = "<group>"; };
		1816B6401C06A47F00354DAB /* DetailViewController.h */ = {isa = PBXFileReference; lastKnownFileType = sourcecode.c.h; path = DetailViewController.h; sourceTree = "<group>"; };
		1816B6411C06A47F00354DAB /* DetailViewController.m */ = {isa = PBXFileReference; lastKnownFileType = sourcecode.c.objc; path = DetailViewController.m; sourceTree = "<group>"; };
		1816B6441C06A47F00354DAB /* Base */ = {isa = PBXFileReference; lastKnownFileType = file.storyboard; name = Base; path = Base.lproj/Main.storyboard; sourceTree = "<group>"; };
		1816B6461C06A47F00354DAB /* Assets.xcassets */ = {isa = PBXFileReference; lastKnownFileType = folder.assetcatalog; path = Assets.xcassets; sourceTree = "<group>"; };
		1816B6491C06A47F00354DAB /* Base */ = {isa = PBXFileReference; lastKnownFileType = file.storyboard; name = Base; path = Base.lproj/LaunchScreen.storyboard; sourceTree = "<group>"; };
		1816B64B1C06A47F00354DAB /* Info.plist */ = {isa = PBXFileReference; lastKnownFileType = text.plist.xml; path = Info.plist; sourceTree = "<group>"; };
/* End PBXFileReference section */

/* Begin PBXFrameworksBuildPhase section */
		1816B6311C06A47F00354DAB /* Frameworks */ = {
			isa = PBXFrameworksBuildPhase;
			buildActionMask = 2147483647;
			files = (
			);
			runOnlyForDeploymentPostprocessing = 0;
		};
/* End PBXFrameworksBuildPhase section */

/* Begin PBXGroup section */
		1816B62B1C06A47F00354DAB = {
			isa = PBXGroup;
			children = (
				1816B6361C06A47F00354DAB /* RQPersonTools */,
				1816B6351C06A47F00354DAB /* Products */,
			);
			sourceTree = "<group>";
		};
		1816B6351C06A47F00354DAB /* Products */ = {
			isa = PBXGroup;
			children = (
				1816B6341C06A47F00354DAB /* RQPersonTools.app */,
			);
			name = Products;
			sourceTree = "<group>";
		};
		1816B6361C06A47F00354DAB /* RQPersonTools */ = {
			isa = PBXGroup;
			children = (
				1816B63A1C06A47F00354DAB /* AppDelegate.h */,
				1816B63B1C06A47F00354DAB /* AppDelegate.m */,
				1816B63D1C06A47F00354DAB /* MasterViewController.h */,
				1816B63E1C06A47F00354DAB /* MasterViewController.m */,
				1816B6401C06A47F00354DAB /* DetailViewController.h */,
				1816B6411C06A47F00354DAB /* DetailViewController.m */,
				1816B6431C06A47F00354DAB /* Main.storyboard */,
				1816B6461C06A47F00354DAB /* Assets.xcassets */,
				1816B6481C06A47F00354DAB /* LaunchScreen.storyboard */,
				1816B64B1C06A47F00354DAB /* Info.plist */,
				1816B6371C06A47F00354DAB /* Supporting Files */,
			);
			path = RQPersonTools;
			sourceTree = "<group>";
		};
		1816B6371C06A47F00354DAB /* Supporting Files */ = {
			isa = PBXGroup;
			children = (
				1816B6381C06A47F00354DAB /* main.m */,
			);
			name = "Supporting Files";
			sourceTree = "<group>";
		};
/* End PBXGroup section */

/* Begin PBXNativeTarget section */
		1816B6331C06A47F00354DAB /* RQPersonTools */ = {
			isa = PBXNativeTarget;
			buildConfigurationList = 1816B64E1C06A47F00354DAB /* Build configuration list for PBXNativeTarget "RQPersonTools" */;
			buildPhases = (
				1816B6301C06A47F00354DAB /* Sources */,
				1816B6311C06A47F00354DAB /* Frameworks */,
				1816B6321C06A47F00354DAB /* Resources */,
			);
			buildRules = (
			);
			dependencies = (
			);
			name = RQPersonTools;
			productName = RQPersonTools;
			productReference = 1816B6341C06A47F00354DAB /* RQPersonTools.app */;
			productType = "com.apple.product-type.application";
		};
/* End PBXNativeTarget section */

/* Begin PBXProject section */
		1816B62C1C06A47F00354DAB /* Project object */ = {
			isa = PBXProject;
			attributes = {
				LastUpgradeCheck = 0710;
				ORGANIZATIONNAME = zfsoft;
				TargetAttributes = {
					1816B6331C06A47F00354DAB = {
						CreatedOnToolsVersion = 7.1.1;
					};
				};
			};
			buildConfigurationList = 1816B62F1C06A47F00354DAB /* Build configuration list for PBXProject "RQPersonTools" */;
			compatibilityVersion = "Xcode 3.2";
			developmentRegion = English;
			hasScannedForEncodings = 0;
			knownRegions = (
				en,
				Base,
			);
			mainGroup = 1816B62B1C06A47F00354DAB;
			productRefGroup = 1816B6351C06A47F00354DAB /* Products */;
			projectDirPath = "";
			projectRoot = "";
			targets = (
				1816B6331C06A47F00354DAB /* RQPersonTools */,
			);
		};
/* End PBXProject section */

/* Begin PBXResourcesBuildPhase section */
		1816B6321C06A47F00354DAB /* Resources */ = {
			isa = PBXResourcesBuildPhase;
			buildActionMask = 2147483647;
			files = (
				1816B64A1C06A47F00354DAB /* LaunchScreen.storyboard in Resources */,
				1816B6471C06A47F00354DAB /* Assets.xcassets in Resources */,
				1816B6451C06A47F00354DAB /* Main.storyboard in Resources */,
			);
			runOnlyForDeploymentPostprocessing = 0;
		};
/* End PBXResourcesBuildPhase section */

/* Begin PBXSourcesBuildPhase section */
		1816B6301C06A47F00354DAB /* Sources */ = {
			isa = PBXSourcesBuildPhase;
			buildActionMask = 2147483647;
			files = (
				1816B63C1C06A47F00354DAB /* AppDelegate.m in Sources */,
				1816B63F1C06A47F00354DAB /* MasterViewController.m in Sources */,
				1816B6391C06A47F00354DAB /* main.m in Sources */,
				1816B6421C06A47F00354DAB /* DetailViewController.m in Sources */,
			);
			runOnlyForDeploymentPostprocessing = 0;
		};
/* End PBXSourcesBuildPhase section */

/* Begin PBXVariantGroup section */
		1816B6431C06A47F00354DAB /* Main.storyboard */ = {
			isa = PBXVariantGroup;
			children = (
				1816B6441C06A47F00354DAB /* Base */,
			);
			name = Main.storyboard;
			sourceTree = "<group>";
		};
		1816B6481C06A47F00354DAB /* LaunchScreen.storyboard */ = {
			isa = PBXVariantGroup;
			children = (
				1816B6491C06A47F00354DAB /* Base */,
			);
			name = LaunchScreen.storyboard;
			sourceTree = "<group>";
		};
/* End PBXVariantGroup section */

/* Begin XCBuildConfiguration section */
		1816B64C1C06A47F00354DAB /* Debug */ = {
			isa = XCBuildConfiguration;
			buildSettings = {
				ALWAYS_SEARCH_USER_PATHS = NO;
				CLANG_CXX_LANGUAGE_STANDARD = "gnu++0x";
				CLANG_CXX_LIBRARY = "libc++";
				CLANG_ENABLE_MODULES = YES;
				CLANG_ENABLE_OBJC_ARC = YES;
				CLANG_WARN_BOOL_CONVERSION = YES;
				CLANG_WARN_CONSTANT_CONVERSION = YES;
				CLANG_WARN_DIRECT_OBJC_ISA_USAGE = YES_ERROR;
				CLANG_WARN_EMPTY_BODY = YES;
				CLANG_WARN_ENUM_CONVERSION = YES;
				CLANG_WARN_INT_CONVERSION = YES;
				CLANG_WARN_OBJC_ROOT_CLASS = YES_ERROR;
				CLANG_WARN_UNREACHABLE_CODE = YES;
				CLANG_WARN__DUPLICATE_METHOD_MATCH = YES;
				"CODE_SIGN_IDENTITY[sdk=iphoneos*]" = "iPhone Developer";
				COPY_PHASE_STRIP = NO;
				DEBUG_INFORMATION_FORMAT = dwarf;
				ENABLE_STRICT_OBJC_MSGSEND = YES;
				ENABLE_TESTABILITY = YES;
				GCC_C_LANGUAGE_STANDARD = gnu99;
				GCC_DYNAMIC_NO_PIC = NO;
				GCC_NO_COMMON_BLOCKS = YES;
				GCC_OPTIMIZATION_LEVEL = 0;
				GCC_PREPROCESSOR_DEFINITIONS = (
					"DEBUG=1",
					"$(inherited)",
				);
				GCC_WARN_64_TO_32_BIT_CONVERSION = YES;
				GCC_WARN_ABOUT_RETURN_TYPE = YES_ERROR;
				GCC_WARN_UNDECLARED_SELECTOR = YES;
				GCC_WARN_UNINITIALIZED_AUTOS = YES_AGGRESSIVE;
				GCC_WARN_UNUSED_FUNCTION = YES;
				GCC_WARN_UNUSED_VARIABLE = YES;
				IPHONEOS_DEPLOYMENT_TARGET = 9.1;
				MTL_ENABLE_DEBUG_INFO = YES;
				ONLY_ACTIVE_ARCH = YES;
				SDKROOT = iphoneos;
				TARGETED_DEVICE_FAMILY = 2;
			};
			name = Debug;
		};
		1816B64D1C06A47F00354DAB /* Release */ = {
			isa = XCBuildConfiguration;
			buildSettings = {
				ALWAYS_SEARCH_USER_PATHS = NO;
				CLANG_CXX_LANGUAGE_STANDARD = "gnu++0x";
				CLANG_CXX_LIBRARY = "libc++";
				CLANG_ENABLE_MODULES = YES;
				CLANG_ENABLE_OBJC_ARC = YES;
				CLANG_WARN_BOOL_CONVERSION = YES;
				CLANG_WARN_CONSTANT_CONVERSION = YES;
				CLANG_WARN_DIRECT_OBJC_ISA_USAGE = YES_ERROR;
				CLANG_WARN_EMPTY_BODY = YES;
				CLANG_WARN_ENUM_CONVERSION = YES;
				CLANG_WARN_INT_CONVERSION = YES;
				CLANG_WARN_OBJC_ROOT_CLASS = YES_ERROR;
				CLANG_WARN_UNREACHABLE_CODE = YES;
				CLANG_WARN__DUPLICATE_METHOD_MATCH = YES;
				"CODE_SIGN_IDENTITY[sdk=iphoneos*]" = "iPhone Developer";
				COPY_PHASE_STRIP = NO;
				DEBUG_INFORMATION_FORMAT = "dwarf-with-dsym";
				ENABLE_NS_ASSERTIONS = NO;
				ENABLE_STRICT_OBJC_MSGSEND = YES;
				GCC_C_LANGUAGE_STANDARD = gnu99;
				GCC_NO_COMMON_BLOCKS = YES;
				GCC_WARN_64_TO_32_BIT_CONVERSION = YES;
				GCC_WARN_ABOUT_RETURN_TYPE = YES_ERROR;
				GCC_WARN_UNDECLARED_SELECTOR = YES;
				GCC_WARN_UNINITIALIZED_AUTOS = YES_AGGRESSIVE;
				GCC_WARN_UNUSED_FUNCTION = YES;
				GCC_WARN_UNUSED_VARIABLE = YES;
				IPHONEOS_DEPLOYMENT_TARGET = 9.1;
				MTL_ENABLE_DEBUG_INFO = NO;
				SDKROOT = iphoneos;
				TARGETED_DEVICE_FAMILY = 2;
				VALIDATE_PRODUCT = YES;
			};
			name = Release;
		};
		1816B64F1C06A47F00354DAB /* Debug */ = {
			isa = XCBuildConfiguration;
			buildSettings = {
				ASSETCATALOG_COMPILER_APPICON_NAME = AppIcon;
				INFOPLIST_FILE = RQPersonTools/Info.plist;
				LD_RUNPATH_SEARCH_PATHS = "$(inherited) @executable_path/Frameworks";
				PRODUCT_BUNDLE_IDENTIFIER = com.zfsoft.RQPersonTools;
				PRODUCT_NAME = "$(TARGET_NAME)";
			};
			name = Debug;
		};
		1816B6501C06A47F00354DAB /* Release */ = {
			isa = XCBuildConfiguration;
			buildSettings = {
				ASSETCATALOG_COMPILER_APPICON_NAME = AppIcon;
				INFOPLIST_FILE = RQPersonTools/Info.plist;
				LD_RUNPATH_SEARCH_PATHS = "$(inherited) @executable_path/Frameworks";
				PRODUCT_BUNDLE_IDENTIFIER = com.zfsoft.RQPersonTools;
				PRODUCT_NAME = "$(TARGET_NAME)";
			};
			name = Release;
		};
/* End XCBuildConfiguration section */

/* Begin XCConfigurationList section */
		1816B62F1C06A47F00354DAB /* Build configuration list for PBXProject "RQPersonTools" */ = {
			isa = XCConfigurationList;
			buildConfigurations = (
				1816B64C1C06A47F00354DAB /* Debug */,
				1816B64D1C06A47F00354DAB /* Release */,
			);
			defaultConfigurationIsVisible = 0;
			defaultConfigurationName = Release;
		};
		1816B64E1C06A47F00354DAB /* Build configuration list for PBXNativeTarget "RQPersonTools" */ = {
			isa = XCConfigurationList;
			buildConfigurations = (
				1816B64F1C06A47F00354DAB /* Debug */,
				1816B6501C06A47F00354DAB /* Release */,
			);
			defaultConfigurationIsVisible = 0;
		};
/* End XCConfigurationList section */
	};
	rootObject = 1816B62C1C06A47F00354DAB /* Project object */;
}
